
Microsoft Visual Studio Solution File, Format Version 12.00
# Visual Studio Version 16
VisualStudioVersion = 16.0.28803.452
MinimumVisualStudioVersion = 10.0.40219.1
Project("{FAE04EC0-301F-11D3-BF4B-00C04F79EFBC}") = "CurrencyParser.UWP", "CurrencyParser\CurrencyParser.UWP\CurrencyParser.UWP.csproj", "{2AD73B6D-3748-4580-B308-8AA37E6656A5}"
EndProject
Project("{FAE04EC0-301F-11D3-BF4B-00C04F79EFBC}") = "CurrencyParser.Android", "CurrencyParser\CurrencyParser.Android\CurrencyParser.Android.csproj", "{6127EEA3-C421-48D8-9AD2-0A393490F711}"
EndProject
Project("{FAE04EC0-301F-11D3-BF4B-00C04F79EFBC}") = "CurrencyParser.iOS", "CurrencyParser\CurrencyParser.iOS\CurrencyParser.iOS.csproj", "{AFF11380-FB3E-40E3-A80E-04D5E7DD5BDA}"
EndProject
Project("{9A19103F-16F7-4668-BE54-9A1E7A4F7556}") = "CurrencyParser", "CurrencyParser\CurrencyParser\CurrencyParser.csproj", "{5D15C450-5058-43F6-B5EC-0DBA550F77AA}"
EndProject
Global
	GlobalSection(SolutionConfigurationPlatforms) = preSolution
		Debug|Any CPU = Debug|Any CPU
		Debug|ARM = Debug|ARM
		Debug|iPhone = Debug|iPhone
		Debug|iPhoneSimulator = Debug|iPhoneSimulator
		Debug|x64 = Debug|x64
		Debug|x86 = Debug|x86
		Release|Any CPU = Release|Any CPU
		Release|ARM = Release|ARM
		Release|iPhone = Release|iPhone
		Release|iPhoneSimulator = Release|iPhoneSimulator
		Release|x64 = Release|x64
		Release|x86 = Release|x86
	EndGlobalSection
	GlobalSection(ProjectConfigurationPlatforms) = postSolution
		{2AD73B6D-3748-4580-B308-8AA37E6656A5}.Debug|Any CPU.ActiveCfg = Debug|x86
		{2AD73B6D-3748-4580-B308-8AA37E6656A5}.Debug|Any CPU.Build.0 = Debug|x86
		{2AD73B6D-3748-4580-B308-8AA37E6656A5}.Debug|Any CPU.Deploy.0 = Debug|x86
		{2AD73B6D-3748-4580-B308-8AA37E6656A5}.Debug|ARM.ActiveCfg = Debug|ARM
		{2AD73B6D-3748-4580-B308-8AA37E6656A5}.Debug|ARM.Build.0 = Debug|ARM
		{2AD73B6D-3748-4580-B308-8AA37E6656A5}.Debug|ARM.Deploy.0 = Debug|ARM
		{2AD73B6D-3748-4580-B308-8AA37E6656A5}.Debug|iPhone.ActiveCfg = Debug|x86
		{2AD73B6D-3748-4580-B308-8AA37E6656A5}.Debug|iPhone.Build.0 = Debug|x86
		{2AD73B6D-3748-4580-B308-8AA37E6656A5}.Debug|iPhone.Deploy.0 = Debug|x86
		{2AD73B6D-3748-4580-B308-8AA37E6656A5}.Debug|iPhoneSimulator.ActiveCfg = Debug|x86
		{2AD73B6D-3748-4580-B308-8AA37E6656A5}.Debug|iPhoneSimulator.Build.0 = Debug|x86
		{2AD73B6D-3748-4580-B308-8AA37E6656A5}.Debug|iPhoneSimulator.Deploy.0 = Debug|x86
		{2AD73B6D-3748-4580-B308-8AA37E6656A5}.Debug|x64.ActiveCfg = Debug|x64
		{2AD73B6D-3748-4580-B308-8AA37E6656A5}.Debug|x64.Build.0 = Debug|x64
		{2AD73B6D-3748-4580-B308-8AA37E6656A5}.Debug|x64.Deploy.0 = Debug|x64
		{2AD73B6D-3748-4580-B308-8AA37E6656A5}.Debug|x86.ActiveCfg = Debug|x86
		{2AD73B6D-3748-4580-B308-8AA37E6656A5}.Debug|x86.Build.0 = Debug|x86
		{2AD73B6D-3748-4580-B308-8AA37E6656A5}.Debug|x86.Deploy.0 = Debug|x86
		{2AD73B6D-3748-4580-B308-8AA37E6656A5}.Release|Any CPU.ActiveCfg = Release|x86
		{2AD73B6D-3748-4580-B308-8AA37E6656A5}.Release|Any CPU.Build.0 = Release|x86
		{2AD73B6D-3748-4580-B308-8AA37E6656A5}.Release|Any CPU.Deploy.0 = Release|x86
		{2AD73B6D-3748-4580-B308-8AA37E6656A5}.Release|ARM.ActiveCfg = Release|ARM
		{2AD73B6D-3748-4580-B308-8AA37E6656A5}.Release|ARM.Build.0 = Release|ARM
		{2AD73B6D-3748-4580-B308-8AA37E6656A5}.Release|ARM.Deploy.0 = Release|ARM
		{2AD73B6D-3748-4580-B308-8AA37E6656A5}.Release|iPhone.ActiveCfg = Release|x86
		{2AD73B6D-3748-4580-B308-8AA37E6656A5}.Release|iPhone.Build.0 = Release|x86
		{2AD73B6D-3748-4580-B308-8AA37E6656A5}.Release|iPhone.Deploy.0 = Release|x86
		{2AD73B6D-3748-4580-B308-8AA37E6656A5}.Release|iPhoneSimulator.ActiveCfg = Release|x86
		{2AD73B6D-3748-4580-B308-8AA37E6656A5}.Release|iPhoneSimulator.Build.0 = Release|x86
		{2AD73B6D-3748-4580-B308-8AA37E6656A5}.Release|iPhoneSimulator.Deploy.0 = Release|x86
		{2AD73B6D-3748-4580-B308-8AA37E6656A5}.Release|x64.ActiveCfg = Release|x64
		{2AD73B6D-3748-4580-B308-8AA37E6656A5}.Release|x64.Build.0 = Release|x64
		{2AD73B6D-3748-4580-B308-8AA37E6656A5}.Release|x64.Deploy.0 = Release|x64
		{2AD73B6D-3748-4580-B308-8AA37E6656A5}.Release|x86.ActiveCfg = Release|x86
		{2AD73B6D-3748-4580-B308-8AA37E6656A5}.Release|x86.Build.0 = Release|x86
		{2AD73B6D-3748-4580-B308-8AA37E6656A5}.Release|x86.Deploy.0 = Release|x86
		{6127EEA3-C421-48D8-9AD2-0A393490F711}.Debug|Any CPU.ActiveCfg = Debug|Any CPU
		{6127EEA3-C421-48D8-9AD2-0A393490F711}.Debug|Any CPU.Build.0 = Debug|Any CPU
		{6127EEA3-C421-48D8-9AD2-0A393490F711}.Debug|Any CPU.Deploy.0 = Debug|Any CPU
		{6127EEA3-C421-48D8-9AD2-0A393490F711}.Debug|ARM.ActiveCfg = Debug|Any CPU
		{6127EEA3-C421-48D8-9AD2-0A393490F711}.Debug|ARM.Build.0 = Debug|Any CPU
		{6127EEA3-C421-48D8-9AD2-0A393490F711}.Debug|ARM.Deploy.0 = Debug|Any CPU
		{6127EEA3-C421-48D8-9AD2-0A393490F711}.Debug|iPhone.ActiveCfg = Debug|Any CPU
		{6127EEA3-C421-48D8-9AD2-0A393490F711}.Debug|iPhone.Build.0 = Debug|Any CPU
		{6127EEA3-C421-48D8-9AD2-0A393490F711}.Debug|iPhone.Deploy.0 = Debug|Any CPU
		{6127EEA3-C421-48D8-9AD2-0A393490F711}.Debug|iPhoneSimulator.ActiveCfg = Debug|Any CPU
		{6127EEA3-C421-48D8-9AD2-0A393490F711}.Debug|iPhoneSimulator.Build.0 = Debug|Any CPU
		{6127EEA3-C421-48D8-9AD2-0A393490F711}.Debug|iPhoneSimulator.Deploy.0 = Debug|Any CPU
		{6127EEA3-C421-48D8-9AD2-0A393490F711}.Debug|x64.ActiveCfg = Debug|Any CPU
		{6127EEA3-C421-48D8-9AD2-0A393490F711}.Debug|x64.Build.0 = Debug|Any CPU
		{6127EEA3-C421-48D8-9AD2-0A393490F711}.Debug|x64.Deploy.0 = Debug|Any CPU
		{6127EEA3-C421-48D8-9AD2-0A393490F711}.Debug|x86.ActiveCfg = Debug|Any CPU
		{6127EEA3-C421-48D8-9AD2-0A393490F711}.Debug|x86.Build.0 = Debug|Any CPU
		{6127EEA3-C421-48D8-9AD2-0A393490F711}.Debug|x86.Deploy.0 = Debug|Any CPU
		{6127EEA3-C421-48D8-9AD2-0A393490F711}.Release|Any CPU.ActiveCfg = Release|Any CPU
		{6127EEA3-C421-48D8-9AD2-0A393490F711}.Release|Any CPU.Build.0 = Release|Any CPU
		{6127EEA3-C421-48D8-9AD2-0A393490F711}.Release|Any CPU.Deploy.0 = Release|Any CPU
		{6127EEA3-C421-48D8-9AD2-0A393490F711}.Release|ARM.ActiveCfg = Release|Any CPU
		{6127EEA3-C421-48D8-9AD2-0A393490F711}.Release|ARM.Build.0 = Release|Any CPU
		{6127EEA3-C421-48D8-9AD2-0A393490F711}.Release|ARM.Deploy.0 = Release|Any CPU
		{6127EEA3-C421-48D8-9AD2-0A393490F711}.Release|iPhone.ActiveCfg = Release|Any CPU
		{6127EEA3-C421-48D8-9AD2-0A393490F711}.Release|iPhone.Build.0 = Release|Any CPU
		{6127EEA3-C421-48D8-9AD2-0A393490F711}.Release|iPhone.Deploy.0 = Release|Any CPU
		{6127EEA3-C421-48D8-9AD2-0A393490F711}.Release|iPhoneSimulator.ActiveCfg = Release|Any CPU
		{6127EEA3-C421-48D8-9AD2-0A393490F711}.Release|iPhoneSimulator.Build.0 = Release|Any CPU
		{6127EEA3-C421-48D8-9AD2-0A393490F711}.Release|iPhoneSimulator.Deploy.0 = Release|Any CPU
		{6127EEA3-C421-48D8-9AD2-0A393490F711}.Release|x64.ActiveCfg = Release|Any CPU
		{6127EEA3-C421-48D8-9AD2-0A393490F711}.Release|x64.Build.0 = Release|Any CPU
		{6127EEA3-C421-48D8-9AD2-0A393490F711}.Release|x64.Deploy.0 = Release|Any CPU
		{6127EEA3-C421-48D8-9AD2-0A393490F711}.Release|x86.ActiveCfg = Release|Any CPU
		{6127EEA3-C421-48D8-9AD2-0A393490F711}.Release|x86.Build.0 = Release|Any CPU
		{6127EEA3-C421-48D8-9AD2-0A393490F711}.Release|x86.Deploy.0 = Release|Any CPU
		{AFF11380-FB3E-40E3-A80E-04D5E7DD5BDA}.Debug|Any CPU.ActiveCfg = Debug|iPhone
		{AFF11380-FB3E-40E3-A80E-04D5E7DD5BDA}.Debug|Any CPU.Build.0 = Debug|iPhone
		{AFF11380-FB3E-40E3-A80E-04D5E7DD5BDA}.Debug|Any CPU.Deploy.0 = Debug|iPhone
		{AFF11380-FB3E-40E3-A80E-04D5E7DD5BDA}.Debug|ARM.ActiveCfg = Debug|iPhoneSimulator
		{AFF11380-FB3E-40E3-A80E-04D5E7DD5BDA}.Debug|ARM.Build.0 = Debug|iPhoneSimulator
		{AFF11380-FB3E-40E3-A80E-04D5E7DD5BDA}.Debug|ARM.Deploy.0 = Debug|iPhoneSimulator
		{AFF11380-FB3E-40E3-A80E-04D5E7DD5BDA}.Debug|iPhone.ActiveCfg = Debug|iPhone
		{AFF11380-FB3E-40E3-A80E-04D5E7DD5BDA}.Debug|iPhone.Build.0 = Debug|iPhone
		{AFF11380-FB3E-40E3-A80E-04D5E7DD5BDA}.Debug|iPhone.Deploy.0 = Debug|iPhone
		{AFF11380-FB3E-40E3-A80E-04D5E7DD5BDA}.Debug|iPhoneSimulator.ActiveCfg = Debug|iPhoneSimulator
		{AFF11380-FB3E-40E3-A80E-04D5E7DD5BDA}.Debug|iPhoneSimulator.Build.0 = Debug|iPhoneSimulator
		{AFF11380-FB3E-40E3-A80E-04D5E7DD5BDA}.Debug|iPhoneSimulator.Deploy.0 = Debug|iPhoneSimulator
		{AFF11380-FB3E-40E3-A80E-04D5E7DD5BDA}.Debug|x64.ActiveCfg = Debug|iPhone
		{AFF11380-FB3E-40E3-A80E-04D5E7DD5BDA}.Debug|x64.Build.0 = Debug|iPhone
		{AFF11380-FB3E-40E3-A80E-04D5E7DD5BDA}.Debug|x64.Deploy.0 = Debug|iPhone
		{AFF11380-FB3E-40E3-A80E-04D5E7DD5BDA}.Debug|x86.ActiveCfg = Debug|iPhone
		{AFF11380-FB3E-40E3-A80E-04D5E7DD5BDA}.Debug|x86.Build.0 = Debug|iPhone
		{AFF11380-FB3E-40E3-A80E-04D5E7DD5BDA}.Debug|x86.Deploy.0 = Debug|iPhone
		{AFF11380-FB3E-40E3-A80E-04D5E7DD5BDA}.Release|Any CPU.ActiveCfg = Release|iPhone
		{AFF11380-FB3E-40E3-A80E-04D5E7DD5BDA}.Release|Any CPU.Build.0 = Release|iPhone
		{AFF11380-FB3E-40E3-A80E-04D5E7DD5BDA}.Release|Any CPU.Deploy.0 = Release|iPhone
		{AFF11380-FB3E-40E3-A80E-04D5E7DD5BDA}.Release|ARM.ActiveCfg = Release|iPhone
		{AFF11380-FB3E-40E3-A80E-04D5E7DD5BDA}.Release|ARM.Build.0 = Release|iPhone
		{AFF11380-FB3E-40E3-A80E-04D5E7DD5BDA}.Release|ARM.Deploy.0 = Release|iPhone
		{AFF11380-FB3E-40E3-A80E-04D5E7DD5BDA}.Release|iPhone.ActiveCfg = Release|iPhone
		{AFF11380-FB3E-40E3-A80E-04D5E7DD5BDA}.Release|iPhone.Build.0 = Release|iPhone
		{AFF11380-FB3E-40E3-A80E-04D5E7DD5BDA}.Release|iPhone.Deploy.0 = Release|iPhone
		{AFF11380-FB3E-40E3-A80E-04D5E7DD5BDA}.Release|iPhoneSimulator.ActiveCfg = Release|iPhoneSimulator
		{AFF11380-FB3E-40E3-A80E-04D5E7DD5BDA}.Release|iPhoneSimulator.Build.0 = Release|iPhoneSimulator
		{AFF11380-FB3E-40E3-A80E-04D5E7DD5BDA}.Release|iPhoneSimulator.Deploy.0 = Release|iPhoneSimulator
		{AFF11380-FB3E-40E3-A80E-04D5E7DD5BDA}.Release|x64.ActiveCfg = Release|iPhone
		{AFF11380-FB3E-40E3-A80E-04D5E7DD5BDA}.Release|x64.Build.0 = Release|iPhone
		{AFF11380-FB3E-40E3-A80E-04D5E7DD5BDA}.Release|x64.Deploy.0 = Release|iPhone
		{AFF11380-FB3E-40E3-A80E-04D5E7DD5BDA}.Release|x86.ActiveCfg = Release|iPhone
		{AFF11380-FB3E-40E3-A80E-04D5E7DD5BDA}.Release|x86.Build.0 = Release|iPhone
		{AFF11380-FB3E-40E3-A80E-04D5E7DD5BDA}.Release|x86.Deploy.0 = Release|iPhone
		{5D15C450-5058-43F6-B5EC-0DBA550F77AA}.Debug|Any CPU.ActiveCfg = Debug|Any CPU
		{5D15C450-5058-43F6-B5EC-0DBA550F77AA}.Debug|Any CPU.Build.0 = Debug|Any CPU
		{5D15C450-5058-43F6-B5EC-0DBA550F77AA}.Debug|Any CPU.Deploy.0 = Debug|Any CPU
		{5D15C450-5058-43F6-B5EC-0DBA550F77AA}.Debug|ARM.ActiveCfg = Debug|Any CPU
		{5D15C450-5058-43F6-B5EC-0DBA550F77AA}.Debug|ARM.Build.0 = Debug|Any CPU
		{5D15C450-5058-43F6-B5EC-0DBA550F77AA}.Debug|ARM.Deploy.0 = Debug|Any CPU
		{5D15C450-5058-43F6-B5EC-0DBA550F77AA}.Debug|iPhone.ActiveCfg = Debug|Any CPU
		{5D15C450-5058-43F6-B5EC-0DBA550F77AA}.Debug|iPhone.Build.0 = Debug|Any CPU
		{5D15C450-5058-43F6-B5EC-0DBA550F77AA}.Debug|iPhone.Deploy.0 = Debug|Any CPU
		{5D15C450-5058-43F6-B5EC-0DBA550F77AA}.Debug|iPhoneSimulator.ActiveCfg = Debug|Any CPU
		{5D15C450-5058-43F6-B5EC-0DBA550F77AA}.Debug|iPhoneSimulator.Build.0 = Debug|Any CPU
		{5D15C450-5058-43F6-B5EC-0DBA550F77AA}.Debug|iPhoneSimulator.Deploy.0 = Debug|Any CPU
		{5D15C450-5058-43F6-B5EC-0DBA550F77AA}.Debug|x64.ActiveCfg = Debug|Any CPU
		{5D15C450-5058-43F6-B5EC-0DBA550F77AA}.Debug|x64.Build.0 = Debug|Any CPU
		{5D15C450-5058-43F6-B5EC-0DBA550F77AA}.Debug|x64.Deploy.0 = Debug|Any CPU
		{5D15C450-5058-43F6-B5EC-0DBA550F77AA}.Debug|x86.ActiveCfg = Debug|Any CPU
		{5D15C450-5058-43F6-B5EC-0DBA550F77AA}.Debug|x86.Build.0 = Debug|Any CPU
		{5D15C450-5058-43F6-B5EC-0DBA550F77AA}.Debug|x86.Deploy.0 = Debug|Any CPU
		{5D15C450-5058-43F6-B5EC-0DBA550F77AA}.Release|Any CPU.ActiveCfg = Release|Any CPU
		{5D15C450-5058-43F6-B5EC-0DBA550F77AA}.Release|Any CPU.Build.0 = Release|Any CPU
		{5D15C450-5058-43F6-B5EC-0DBA550F77AA}.Release|Any CPU.Deploy.0 = Release|Any CPU
		{5D15C450-5058-43F6-B5EC-0DBA550F77AA}.Release|ARM.ActiveCfg = Release|Any CPU
		{5D15C450-5058-43F6-B5EC-0DBA550F77AA}.Release|ARM.Build.0 = Release|Any CPU
		{5D15C450-5058-43F6-B5EC-0DBA550F77AA}.Release|ARM.Deploy.0 = Release|Any CPU
		{5D15C450-5058-43F6-B5EC-0DBA550F77AA}.Release|iPhone.ActiveCfg = Release|Any CPU
		{5D15C450-5058-43F6-B5EC-0DBA550F77AA}.Release|iPhone.Build.0 = Release|Any CPU
		{5D15C450-5058-43F6-B5EC-0DBA550F77AA}.Release|iPhone.Deploy.0 = Release|Any CPU
		{5D15C450-5058-43F6-B5EC-0DBA550F77AA}.Release|iPhoneSimulator.ActiveCfg = Release|Any CPU
		{5D15C450-5058-43F6-B5EC-0DBA550F77AA}.Release|iPhoneSimulator.Build.0 = Release|Any CPU
		{5D15C450-5058-43F6-B5EC-0DBA550F77AA}.Release|iPhoneSimulator.Deploy.0 = Release|Any CPU
		{5D15C450-5058-43F6-B5EC-0DBA550F77AA}.Release|x64.ActiveCfg = Release|Any CPU
		{5D15C450-5058-43F6-B5EC-0DBA550F77AA}.Release|x64.Build.0 = Release|Any CPU
		{5D15C450-5058-43F6-B5EC-0DBA550F77AA}.Release|x64.Deploy.0 = Release|Any CPU
		{5D15C450-5058-43F6-B5EC-0DBA550F77AA}.Release|x86.ActiveCfg = Release|Any CPU
		{5D15C450-5058-43F6-B5EC-0DBA550F77AA}.Release|x86.Build.0 = Release|Any CPU
		{5D15C450-5058-43F6-B5EC-0DBA550F77AA}.Release|x86.Deploy.0 = Release|Any CPU
	EndGlobalSection
	GlobalSection(SolutionProperties) = preSolution
		HideSolutionNode = FALSE
	EndGlobalSection
	GlobalSection(ExtensibilityGlobals) = postSolution
		SolutionGuid = {006A26F7-1D6C-4021-AE21-A19B491EAA71}
	EndGlobalSection
EndGlobal
